
Microsoft Visual Studio Solution File, Format Version 12.00
# Visual Studio Version 16
VisualStudioVersion = 16.0.32106.194
MinimumVisualStudioVersion = 10.0.40219.1
Project("{9A19103F-16F7-4668-BE54-9A1E7A4F7556}") = "conconcon-tri-buter", "conconcon-tri-buter\conconcon-tri-buter.csproj", "{B7574744-0196-4ACC-B020-3C16C901F30C}"
EndProject
Project("{9A19103F-16F7-4668-BE54-9A1E7A4F7556}") = "cctb-wpf", "cctb-wpf\cctb-wpf.csproj", "{7144406A-4394-49CA-B5DD-80EB50AF5457}"
EndProject
Project("{FAE04EC0-301F-11D3-BF4B-00C04F79EFBC}") = "FunctionTest", "FunctionTest\FunctionTest.csproj", "{F1E0812C-17D6-47FF-B139-8C599CC5668B}"
EndProject
Project("{2150E333-8FDC-42A3-9474-1A3956D46DE8}") = "Solution Items", "Solution Items", "{A89C5191-C051-4505-AC6C-EFEA0D678729}"
	ProjectSection(SolutionItems) = preProject
		.editorconfig = .editorconfig
	EndProjectSection
EndProject
Global
	GlobalSection(SolutionConfigurationPlatforms) = preSolution
		Debug|Any CPU = Debug|Any CPU
		Release|Any CPU = Release|Any CPU
	EndGlobalSection
	GlobalSection(ProjectConfigurationPlatforms) = postSolution
		{B7574744-0196-4ACC-B020-3C16C901F30C}.Debug|Any CPU.ActiveCfg = Debug|Any CPU
		{B7574744-0196-4ACC-B020-3C16C901F30C}.Debug|Any CPU.Build.0 = Debug|Any CPU
		{B7574744-0196-4ACC-B020-3C16C901F30C}.Release|Any CPU.ActiveCfg = Release|Any CPU
		{B7574744-0196-4ACC-B020-3C16C901F30C}.Release|Any CPU.Build.0 = Release|Any CPU
		{7144406A-4394-49CA-B5DD-80EB50AF5457}.Debug|Any CPU.ActiveCfg = Debug|Any CPU
		{7144406A-4394-49CA-B5DD-80EB50AF5457}.Debug|Any CPU.Build.0 = Debug|Any CPU
		{7144406A-4394-49CA-B5DD-80EB50AF5457}.Release|Any CPU.ActiveCfg = Release|Any CPU
		{7144406A-4394-49CA-B5DD-80EB50AF5457}.Release|Any CPU.Build.0 = Release|Any CPU
		{F1E0812C-17D6-47FF-B139-8C599CC5668B}.Debug|Any CPU.ActiveCfg = Debug|Any CPU
		{F1E0812C-17D6-47FF-B139-8C599CC5668B}.Debug|Any CPU.Build.0 = Debug|Any CPU
		{F1E0812C-17D6-47FF-B139-8C599CC5668B}.Release|Any CPU.ActiveCfg = Release|Any CPU
		{F1E0812C-17D6-47FF-B139-8C599CC5668B}.Release|Any CPU.Build.0 = Release|Any CPU
	EndGlobalSection
	GlobalSection(SolutionProperties) = preSolution
		HideSolutionNode = FALSE
	EndGlobalSection
	GlobalSection(ExtensibilityGlobals) = postSolution
		SolutionGuid = {3D3594FE-8AA9-4CD0-A021-9B11169C0AC1}
	EndGlobalSection
EndGlobal
